<?xml version="1.0" encoding="utf-8"?>
<Project ToolsVersion="4.0" xmlns="http://schemas.microsoft.com/developer/msbuild/2003">
  <ItemGroup>
    <Filter Include="Source Files">
      <UniqueIdentifier>{4FC737F1-C7A5-4376-A066-2A32D752A2FF}</UniqueIdentifier>
      <Extensions>cpp;c;cc;cxx;def;odl;idl;hpj;bat;asm;asmx</Extensions>
    </Filter>
    <Filter Include="Header Files">
      <UniqueIdentifier>{93995380-89BD-4b04-88EB-625FBE52EBFB}</UniqueIdentifier>
      <Extensions>h;hh;hpp;hxx;hm;inl;inc;xsd</Extensions>
    </Filter>
    <Filter Include="Resource Files">
      <UniqueIdentifier>{67DA6AB6-F800-4c08-8B7A-83BB121AAD01}</UniqueIdentifier>
      <Extensions>rc;ico;cur;bmp;dlg;rc2;rct;bin;rgs;gif;jpg;jpeg;jpe;resx;tiff;tif;png;wav;mfcribbon-ms</Extensions>
    </Filter>
    <Filter Include="content">
      <UniqueIdentifier>{e3adc197-f7e4-4c39-a550-725cbb2b0235}</UniqueIdentifier>
    </Filter>
    <Filter Include="content\char">
      <UniqueIdentifier>{53aa7ea6-803f-411d-a285-1322e66104ac}</UniqueIdentifier>
    </Filter>
    <Filter Include="content\bk">
      <UniqueIdentifier>{9a80f8d9-ede1-460e-ac20-0df10d9d2504}</UniqueIdentifier>
    </Filter>
    <Filter Include="content\maps">
      <UniqueIdentifier>{c9e847c6-9ff7-4867-9ba1-3e93f4f85412}</UniqueIdentifier>
    </Filter>
  </ItemGroup>
  <ItemGroup>
    <ClCompile Include="Main.cpp">
      <Filter>Source Files</Filter>
    </ClCompile>
    <ClCompile Include="Graphics.cpp">
      <Filter>Source Files</Filter>
    </ClCompile>
    <ClCompile Include="game.cpp">
      <Filter>Source Files</Filter>
    </ClCompile>
    <ClCompile Include="input.cpp">
      <Filter>Source Files</Filter>
    </ClCompile>
    <ClCompile Include="sprite.cpp">
      <Filter>Source Files</Filter>
    </ClCompile>
    <ClCompile Include="animatedsprite.cpp">
      <Filter>Source Files</Filter>
    </ClCompile>
    <ClCompile Include="player.cpp">
      <Filter>Source Files</Filter>
    </ClCompile>
    <ClCompile Include="level.cpp">
      <Filter>Source Files</Filter>
    </ClCompile>
    <ClCompile Include="tinyxml2.cpp">
      <Filter>Source Files</Filter>
    </ClCompile>
    <ClCompile Include="tile.cpp">
      <Filter>Source Files</Filter>
    </ClCompile>
    <ClCompile Include="slope.cpp">
      <Filter>Source Files</Filter>
    </ClCompile>
    <ClCompile Include="animatedtile.cpp">
      <Filter>Source Files</Filter>
    </ClCompile>
    <ClCompile Include="enemy.cpp">
      <Filter>Source Files</Filter>
    </ClCompile>
    <ClCompile Include="gun.cpp">
      <Filter>Source Files</Filter>
    </ClCompile>
    <ClCompile Include="menu.cpp">
      <Filter>Source Files</Filter>
    </ClCompile>
    <ClCompile Include="hud.cpp">
      <Filter>Source Files</Filter>
    </ClCompile>
    <ClCompile Include="razer.cpp">
      <Filter>Source Files</Filter>
    </ClCompile>
    <ClCompile Include="car.cpp">
      <Filter>Source Files</Filter>
    </ClCompile>
  </ItemGroup>
  <ItemGroup>
    <ClInclude Include="graphics.h">
      <Filter>Header Files</Filter>
    </ClInclude>
    <ClInclude Include="game.h">
      <Filter>Header Files</Filter>
    </ClInclude>
    <ClInclude Include="input.h">
      <Filter>Header Files</Filter>
    </ClInclude>
    <ClInclude Include="resource.h">
      <Filter>Header Files</Filter>
    </ClInclude>
    <ClInclude Include="sprite.h">
      <Filter>Header Files</Filter>
    </ClInclude>
    <ClInclude Include="globals.h">
      <Filter>Header Files</Filter>
    </ClInclude>
    <ClInclude Include="animatedsprite.h">
      <Filter>Header Files</Filter>
    </ClInclude>
    <ClInclude Include="player.h">
      <Filter>Header Files</Filter>
    </ClInclude>
    <ClInclude Include="level.h">
      <Filter>Header Files</Filter>
    </ClInclude>
    <ClInclude Include="tinyxml2.h">
      <Filter>Header Files</Filter>
    </ClInclude>
    <ClInclude Include="tile.h">
      <Filter>Header Files</Filter>
    </ClInclude>
    <ClInclude Include="rectangle.h">
      <Filter>Header Files</Filter>
    </ClInclude>
    <ClInclude Include="utils.h">
      <Filter>Header Files</Filter>
    </ClInclude>
    <ClInclude Include="slope.h">
      <Filter>Header Files</Filter>
    </ClInclude>
    <ClInclude Include="animatedtile.h">
      <Filter>Header Files</Filter>
    </ClInclude>
    <ClInclude Include="enemy.h">
      <Filter>Header Files</Filter>
    </ClInclude>
    <ClInclude Include="gun.h">
      <Filter>Header Files</Filter>
    </ClInclude>
    <ClInclude Include="menu.h">
      <Filter>Header Files</Filter>
    </ClInclude>
    <ClInclude Include="hud.h">
      <Filter>Header Files</Filter>
    </ClInclude>
    <ClInclude Include="sound.h">
      <Filter>Header Files</Filter>
    </ClInclude>
    <ClInclude Include="razor.h">
      <Filter>Header Files</Filter>
    </ClInclude>
    <ClInclude Include="car.h">
      <Filter>Header Files</Filter>
    </ClInclude>
  </ItemGroup>
  <ItemGroup>
    <ResourceCompile Include="ProjectGG.rc">
      <Filter>Resource Files</Filter>
    </ResourceCompile>
  </ItemGroup>
  <ItemGroup>
    <Image Include="..\Debug\bkBlue.png">
      <Filter>content\bk</Filter>
    </Image>
    <Image Include="maps\PrtCave.png">
      <Filter>content\maps</Filter>
    </Image>
    <Image Include="char\MyChar.png">
      <Filter>content\char</Filter>
    </Image>
    <Image Include="maps\NpcSym.png">
      <Filter>content\maps</Filter>
    </Image>
    <Image Include="char\red.png">
      <Filter>content\char</Filter>
    </Image>
    <Image Include="bk\floo1.png">
      <Filter>content\bk</Filter>
    </Image>
    <Image Include="char\Bullet.png">
      <Filter>content\char</Filter>
    </Image>
    <Image Include="bk\gameOver.png">
      <Filter>content\bk</Filter>
    </Image>
    <Image Include="pankyIcon.ico">
      <Filter>Resource Files</Filter>
    </Image>
  </ItemGroup>
  <ItemGroup>
    <None Include="maps\panky.tmx">
      <Filter>content\maps</Filter>
    </None>
    <None Include="maps\gameMenu.tmx">
      <Filter>content\maps</Filter>
    </None>
    <None Include="maps\panky2.tmx">
      <Filter>content\maps</Filter>
    </None>
  </ItemGroup>
</Project>